
Microsoft Visual Studio Solution File, Format Version 12.00
# Visual Studio Version 17
VisualStudioVersion = 17.5.33502.453
MinimumVisualStudioVersion = 10.0.40219.1
Project("{9A19103F-16F7-4668-BE54-9A1E7A4F7556}") = "Simple Behavior Tree Editor", "Simple Behavior Tree Editor.csproj", "{FF797FD7-24AA-4A0D-802D-41DC2267E042}"
EndProject
Global
	GlobalSection(SolutionConfigurationPlatforms) = preSolution
		Debug|Any CPU = Debug|Any CPU
		ExportDebug|Any CPU = ExportDebug|Any CPU
		ExportRelease|Any CPU = ExportRelease|Any CPU
		Release|Any CPU = Release|Any CPU
	EndGlobalSection
	GlobalSection(ProjectConfigurationPlatforms) = postSolution
		{FF797FD7-24AA-4A0D-802D-41DC2267E042}.Debug|Any CPU.ActiveCfg = Debug|Any CPU
		{FF797FD7-24AA-4A0D-802D-41DC2267E042}.Debug|Any CPU.Build.0 = Debug|Any CPU
		{FF797FD7-24AA-4A0D-802D-41DC2267E042}.ExportDebug|Any CPU.ActiveCfg = ExportDebug|Any CPU
		{FF797FD7-24AA-4A0D-802D-41DC2267E042}.ExportDebug|Any CPU.Build.0 = ExportDebug|Any CPU
		{FF797FD7-24AA-4A0D-802D-41DC2267E042}.ExportRelease|Any CPU.ActiveCfg = ExportRelease|Any CPU
		{FF797FD7-24AA-4A0D-802D-41DC2267E042}.ExportRelease|Any CPU.Build.0 = ExportRelease|Any CPU
		{FF797FD7-24AA-4A0D-802D-41DC2267E042}.Release|Any CPU.ActiveCfg = ExportRelease|Any CPU
		{FF797FD7-24AA-4A0D-802D-41DC2267E042}.Release|Any CPU.Build.0 = ExportRelease|Any CPU
	EndGlobalSection
	GlobalSection(SolutionProperties) = preSolution
		HideSolutionNode = FALSE
	EndGlobalSection
	GlobalSection(ExtensibilityGlobals) = postSolution
		SolutionGuid = {8AD09A6B-8168-4012-BD74-B849665B520C}
	EndGlobalSection
EndGlobal
